
Microsoft Visual Studio Solution File, Format Version 12.00
# Visual Studio Version 16
VisualStudioVersion = 16.0.29806.167
MinimumVisualStudioVersion = 10.0.40219.1
Project("{8BC9CEB8-8B4A-11D0-8D11-00A0C91BC942}") = "chat-server", "chat-server\chat-server.vcxproj", "{D64B3D64-7FB0-4021-8724-4983697B7E1D}"
EndProject
Project("{8BC9CEB8-8B4A-11D0-8D11-00A0C91BC942}") = "chat-client", "chat-client\chat-client.vcxproj", "{034EC444-0391-466D-A436-5AAC5284657A}"
EndProject
Global
	GlobalSection(SolutionConfigurationPlatforms) = preSolution
		Debug|x64 = Debug|x64
		Debug|x86 = Debug|x86
		Release|x64 = Release|x64
		Release|x86 = Release|x86
	EndGlobalSection
	GlobalSection(ProjectConfigurationPlatforms) = postSolution
		{D64B3D64-7FB0-4021-8724-4983697B7E1D}.Debug|x64.ActiveCfg = Debug|x64
		{D64B3D64-7FB0-4021-8724-4983697B7E1D}.Debug|x64.Build.0 = Debug|x64
		{D64B3D64-7FB0-4021-8724-4983697B7E1D}.Debug|x86.ActiveCfg = Debug|Win32
		{D64B3D64-7FB0-4021-8724-4983697B7E1D}.Debug|x86.Build.0 = Debug|Win32
		{D64B3D64-7FB0-4021-8724-4983697B7E1D}.Release|x64.ActiveCfg = Release|x64
		{D64B3D64-7FB0-4021-8724-4983697B7E1D}.Release|x64.Build.0 = Release|x64
		{D64B3D64-7FB0-4021-8724-4983697B7E1D}.Release|x86.ActiveCfg = Release|Win32
		{D64B3D64-7FB0-4021-8724-4983697B7E1D}.Release|x86.Build.0 = Release|Win32
		{034EC444-0391-466D-A436-5AAC5284657A}.Debug|x64.ActiveCfg = Debug|x64
		{034EC444-0391-466D-A436-5AAC5284657A}.Debug|x64.Build.0 = Debug|x64
		{034EC444-0391-466D-A436-5AAC5284657A}.Debug|x86.ActiveCfg = Debug|Win32
		{034EC444-0391-466D-A436-5AAC5284657A}.Debug|x86.Build.0 = Debug|Win32
		{034EC444-0391-466D-A436-5AAC5284657A}.Release|x64.ActiveCfg = Release|x64
		{034EC444-0391-466D-A436-5AAC5284657A}.Release|x64.Build.0 = Release|x64
		{034EC444-0391-466D-A436-5AAC5284657A}.Release|x86.ActiveCfg = Release|Win32
		{034EC444-0391-466D-A436-5AAC5284657A}.Release|x86.Build.0 = Release|Win32
	EndGlobalSection
	GlobalSection(SolutionProperties) = preSolution
		HideSolutionNode = FALSE
	EndGlobalSection
	GlobalSection(ExtensibilityGlobals) = postSolution
		SolutionGuid = {8C47CEDB-9E00-4925-88C4-82B03C618F67}
	EndGlobalSection
EndGlobal
